
Microsoft Visual Studio Solution File, Format Version 12.00
# Visual Studio 15
VisualStudioVersion = 15.0.27004.2002
MinimumVisualStudioVersion = 10.0.40219.1
Project("{FAE04EC0-301F-11D3-BF4B-00C04F79EFBC}") = "HyperlinkLabelControl.Android", "HyperlinkLabelControl\HyperlinkLabelControl.Android\HyperlinkLabelControl.Android.csproj", "{A8476DB5-E1ED-4DFA-802F-014623C9E508}"
EndProject
Project("{FAE04EC0-301F-11D3-BF4B-00C04F79EFBC}") = "HyperlinkLabelControl", "HyperlinkLabelControl\HyperlinkLabelControl\HyperlinkLabelControl.csproj", "{DE9DDA29-D584-4F48-A126-14CDED4ED465}"
EndProject
Project("{FAE04EC0-301F-11D3-BF4B-00C04F79EFBC}") = "HyperlinkLabelControl.UWP", "HyperlinkLabelControl\HyperlinkLabelControl.UWP\HyperlinkLabelControl.UWP.csproj", "{5A08D19A-D5A2-45AD-B560-62A94A81E777}"
EndProject
Project("{FAE04EC0-301F-11D3-BF4B-00C04F79EFBC}") = "HyperlinkLabelControl.iOS", "HyperlinkLabelControl\HyperlinkLabelControl.iOS\HyperlinkLabelControl.iOS.csproj", "{04993ED3-B2E0-49EB-A6E0-CADD80E6552C}"
EndProject
Global
	GlobalSection(SolutionConfigurationPlatforms) = preSolution
		Ad-Hoc|Any CPU = Ad-Hoc|Any CPU
		Ad-Hoc|ARM = Ad-Hoc|ARM
		Ad-Hoc|iPhone = Ad-Hoc|iPhone
		Ad-Hoc|iPhoneSimulator = Ad-Hoc|iPhoneSimulator
		Ad-Hoc|x64 = Ad-Hoc|x64
		Ad-Hoc|x86 = Ad-Hoc|x86
		AppStore|Any CPU = AppStore|Any CPU
		AppStore|ARM = AppStore|ARM
		AppStore|iPhone = AppStore|iPhone
		AppStore|iPhoneSimulator = AppStore|iPhoneSimulator
		AppStore|x64 = AppStore|x64
		AppStore|x86 = AppStore|x86
		Debug|Any CPU = Debug|Any CPU
		Debug|ARM = Debug|ARM
		Debug|iPhone = Debug|iPhone
		Debug|iPhoneSimulator = Debug|iPhoneSimulator
		Debug|x64 = Debug|x64
		Debug|x86 = Debug|x86
		Release|Any CPU = Release|Any CPU
		Release|ARM = Release|ARM
		Release|iPhone = Release|iPhone
		Release|iPhoneSimulator = Release|iPhoneSimulator
		Release|x64 = Release|x64
		Release|x86 = Release|x86
	EndGlobalSection
	GlobalSection(ProjectConfigurationPlatforms) = postSolution
		{A8476DB5-E1ED-4DFA-802F-014623C9E508}.Ad-Hoc|Any CPU.ActiveCfg = Release|Any CPU
		{A8476DB5-E1ED-4DFA-802F-014623C9E508}.Ad-Hoc|Any CPU.Build.0 = Release|Any CPU
		{A8476DB5-E1ED-4DFA-802F-014623C9E508}.Ad-Hoc|Any CPU.Deploy.0 = Release|Any CPU
		{A8476DB5-E1ED-4DFA-802F-014623C9E508}.Ad-Hoc|ARM.ActiveCfg = Release|Any CPU
		{A8476DB5-E1ED-4DFA-802F-014623C9E508}.Ad-Hoc|ARM.Build.0 = Release|Any CPU
		{A8476DB5-E1ED-4DFA-802F-014623C9E508}.Ad-Hoc|ARM.Deploy.0 = Release|Any CPU
		{A8476DB5-E1ED-4DFA-802F-014623C9E508}.Ad-Hoc|iPhone.ActiveCfg = Release|Any CPU
		{A8476DB5-E1ED-4DFA-802F-014623C9E508}.Ad-Hoc|iPhone.Build.0 = Release|Any CPU
		{A8476DB5-E1ED-4DFA-802F-014623C9E508}.Ad-Hoc|iPhone.Deploy.0 = Release|Any CPU
		{A8476DB5-E1ED-4DFA-802F-014623C9E508}.Ad-Hoc|iPhoneSimulator.ActiveCfg = Release|Any CPU
		{A8476DB5-E1ED-4DFA-802F-014623C9E508}.Ad-Hoc|iPhoneSimulator.Build.0 = Release|Any CPU
		{A8476DB5-E1ED-4DFA-802F-014623C9E508}.Ad-Hoc|iPhoneSimulator.Deploy.0 = Release|Any CPU
		{A8476DB5-E1ED-4DFA-802F-014623C9E508}.Ad-Hoc|x64.ActiveCfg = Release|Any CPU
		{A8476DB5-E1ED-4DFA-802F-014623C9E508}.Ad-Hoc|x64.Build.0 = Release|Any CPU
		{A8476DB5-E1ED-4DFA-802F-014623C9E508}.Ad-Hoc|x64.Deploy.0 = Release|Any CPU
		{A8476DB5-E1ED-4DFA-802F-014623C9E508}.Ad-Hoc|x86.ActiveCfg = Release|Any CPU
		{A8476DB5-E1ED-4DFA-802F-014623C9E508}.Ad-Hoc|x86.Build.0 = Release|Any CPU
		{A8476DB5-E1ED-4DFA-802F-014623C9E508}.Ad-Hoc|x86.Deploy.0 = Release|Any CPU
		{A8476DB5-E1ED-4DFA-802F-014623C9E508}.AppStore|Any CPU.ActiveCfg = Release|Any CPU
		{A8476DB5-E1ED-4DFA-802F-014623C9E508}.AppStore|Any CPU.Build.0 = Release|Any CPU
		{A8476DB5-E1ED-4DFA-802F-014623C9E508}.AppStore|Any CPU.Deploy.0 = Release|Any CPU
		{A8476DB5-E1ED-4DFA-802F-014623C9E508}.AppStore|ARM.ActiveCfg = Release|Any CPU
		{A8476DB5-E1ED-4DFA-802F-014623C9E508}.AppStore|ARM.Build.0 = Release|Any CPU
		{A8476DB5-E1ED-4DFA-802F-014623C9E508}.AppStore|ARM.Deploy.0 = Release|Any CPU
		{A8476DB5-E1ED-4DFA-802F-014623C9E508}.AppStore|iPhone.ActiveCfg = Release|Any CPU
		{A8476DB5-E1ED-4DFA-802F-014623C9E508}.AppStore|iPhone.Build.0 = Release|Any CPU
		{A8476DB5-E1ED-4DFA-802F-014623C9E508}.AppStore|iPhone.Deploy.0 = Release|Any CPU
		{A8476DB5-E1ED-4DFA-802F-014623C9E508}.AppStore|iPhoneSimulator.ActiveCfg = Release|Any CPU
		{A8476DB5-E1ED-4DFA-802F-014623C9E508}.AppStore|iPhoneSimulator.Build.0 = Release|Any CPU
		{A8476DB5-E1ED-4DFA-802F-014623C9E508}.AppStore|iPhoneSimulator.Deploy.0 = Release|Any CPU
		{A8476DB5-E1ED-4DFA-802F-014623C9E508}.AppStore|x64.ActiveCfg = Release|Any CPU
		{A8476DB5-E1ED-4DFA-802F-014623C9E508}.AppStore|x64.Build.0 = Release|Any CPU
		{A8476DB5-E1ED-4DFA-802F-014623C9E508}.AppStore|x64.Deploy.0 = Release|Any CPU
		{A8476DB5-E1ED-4DFA-802F-014623C9E508}.AppStore|x86.ActiveCfg = Release|Any CPU
		{A8476DB5-E1ED-4DFA-802F-014623C9E508}.AppStore|x86.Build.0 = Release|Any CPU
		{A8476DB5-E1ED-4DFA-802F-014623C9E508}.AppStore|x86.Deploy.0 = Release|Any CPU
		{A8476DB5-E1ED-4DFA-802F-014623C9E508}.Debug|Any CPU.ActiveCfg = Debug|Any CPU
		{A8476DB5-E1ED-4DFA-802F-014623C9E508}.Debug|Any CPU.Build.0 = Debug|Any CPU
		{A8476DB5-E1ED-4DFA-802F-014623C9E508}.Debug|Any CPU.Deploy.0 = Debug|Any CPU
		{A8476DB5-E1ED-4DFA-802F-014623C9E508}.Debug|ARM.ActiveCfg = Debug|Any CPU
		{A8476DB5-E1ED-4DFA-802F-014623C9E508}.Debug|ARM.Build.0 = Debug|Any CPU
		{A8476DB5-E1ED-4DFA-802F-014623C9E508}.Debug|ARM.Deploy.0 = Debug|Any CPU
		{A8476DB5-E1ED-4DFA-802F-014623C9E508}.Debug|iPhone.ActiveCfg = Debug|Any CPU
		{A8476DB5-E1ED-4DFA-802F-014623C9E508}.Debug|iPhone.Build.0 = Debug|Any CPU
		{A8476DB5-E1ED-4DFA-802F-014623C9E508}.Debug|iPhone.Deploy.0 = Debug|Any CPU
		{A8476DB5-E1ED-4DFA-802F-014623C9E508}.Debug|iPhoneSimulator.ActiveCfg = Debug|Any CPU
		{A8476DB5-E1ED-4DFA-802F-014623C9E508}.Debug|iPhoneSimulator.Build.0 = Debug|Any CPU
		{A8476DB5-E1ED-4DFA-802F-014623C9E508}.Debug|iPhoneSimulator.Deploy.0 = Debug|Any CPU
		{A8476DB5-E1ED-4DFA-802F-014623C9E508}.Debug|x64.ActiveCfg = Debug|Any CPU
		{A8476DB5-E1ED-4DFA-802F-014623C9E508}.Debug|x64.Build.0 = Debug|Any CPU
		{A8476DB5-E1ED-4DFA-802F-014623C9E508}.Debug|x64.Deploy.0 = Debug|Any CPU
		{A8476DB5-E1ED-4DFA-802F-014623C9E508}.Debug|x86.ActiveCfg = Debug|Any CPU
		{A8476DB5-E1ED-4DFA-802F-014623C9E508}.Debug|x86.Build.0 = Debug|Any CPU
		{A8476DB5-E1ED-4DFA-802F-014623C9E508}.Debug|x86.Deploy.0 = Debug|Any CPU
		{A8476DB5-E1ED-4DFA-802F-014623C9E508}.Release|Any CPU.ActiveCfg = Release|Any CPU
		{A8476DB5-E1ED-4DFA-802F-014623C9E508}.Release|Any CPU.Build.0 = Release|Any CPU
		{A8476DB5-E1ED-4DFA-802F-014623C9E508}.Release|Any CPU.Deploy.0 = Release|Any CPU
		{A8476DB5-E1ED-4DFA-802F-014623C9E508}.Release|ARM.ActiveCfg = Release|Any CPU
		{A8476DB5-E1ED-4DFA-802F-014623C9E508}.Release|ARM.Build.0 = Release|Any CPU
		{A8476DB5-E1ED-4DFA-802F-014623C9E508}.Release|ARM.Deploy.0 = Release|Any CPU
		{A8476DB5-E1ED-4DFA-802F-014623C9E508}.Release|iPhone.ActiveCfg = Release|Any CPU
		{A8476DB5-E1ED-4DFA-802F-014623C9E508}.Release|iPhone.Build.0 = Release|Any CPU
		{A8476DB5-E1ED-4DFA-802F-014623C9E508}.Release|iPhone.Deploy.0 = Release|Any CPU
		{A8476DB5-E1ED-4DFA-802F-014623C9E508}.Release|iPhoneSimulator.ActiveCfg = Release|Any CPU
		{A8476DB5-E1ED-4DFA-802F-014623C9E508}.Release|iPhoneSimulator.Build.0 = Release|Any CPU
		{A8476DB5-E1ED-4DFA-802F-014623C9E508}.Release|iPhoneSimulator.Deploy.0 = Release|Any CPU
		{A8476DB5-E1ED-4DFA-802F-014623C9E508}.Release|x64.ActiveCfg = Release|Any CPU
		{A8476DB5-E1ED-4DFA-802F-014623C9E508}.Release|x64.Build.0 = Release|Any CPU
		{A8476DB5-E1ED-4DFA-802F-014623C9E508}.Release|x64.Deploy.0 = Release|Any CPU
		{A8476DB5-E1ED-4DFA-802F-014623C9E508}.Release|x86.ActiveCfg = Release|Any CPU
		{A8476DB5-E1ED-4DFA-802F-014623C9E508}.Release|x86.Build.0 = Release|Any CPU
		{A8476DB5-E1ED-4DFA-802F-014623C9E508}.Release|x86.Deploy.0 = Release|Any CPU
		{DE9DDA29-D584-4F48-A126-14CDED4ED465}.Ad-Hoc|Any CPU.ActiveCfg = Release|Any CPU
		{DE9DDA29-D584-4F48-A126-14CDED4ED465}.Ad-Hoc|Any CPU.Build.0 = Release|Any CPU
		{DE9DDA29-D584-4F48-A126-14CDED4ED465}.Ad-Hoc|ARM.ActiveCfg = Release|Any CPU
		{DE9DDA29-D584-4F48-A126-14CDED4ED465}.Ad-Hoc|ARM.Build.0 = Release|Any CPU
		{DE9DDA29-D584-4F48-A126-14CDED4ED465}.Ad-Hoc|iPhone.ActiveCfg = Release|Any CPU
		{DE9DDA29-D584-4F48-A126-14CDED4ED465}.Ad-Hoc|iPhone.Build.0 = Release|Any CPU
		{DE9DDA29-D584-4F48-A126-14CDED4ED465}.Ad-Hoc|iPhoneSimulator.ActiveCfg = Release|Any CPU
		{DE9DDA29-D584-4F48-A126-14CDED4ED465}.Ad-Hoc|iPhoneSimulator.Build.0 = Release|Any CPU
		{DE9DDA29-D584-4F48-A126-14CDED4ED465}.Ad-Hoc|x64.ActiveCfg = Release|Any CPU
		{DE9DDA29-D584-4F48-A126-14CDED4ED465}.Ad-Hoc|x64.Build.0 = Release|Any CPU
		{DE9DDA29-D584-4F48-A126-14CDED4ED465}.Ad-Hoc|x86.ActiveCfg = Release|Any CPU
		{DE9DDA29-D584-4F48-A126-14CDED4ED465}.Ad-Hoc|x86.Build.0 = Release|Any CPU
		{DE9DDA29-D584-4F48-A126-14CDED4ED465}.AppStore|Any CPU.ActiveCfg = Release|Any CPU
		{DE9DDA29-D584-4F48-A126-14CDED4ED465}.AppStore|Any CPU.Build.0 = Release|Any CPU
		{DE9DDA29-D584-4F48-A126-14CDED4ED465}.AppStore|ARM.ActiveCfg = Release|Any CPU
		{DE9DDA29-D584-4F48-A126-14CDED4ED465}.AppStore|ARM.Build.0 = Release|Any CPU
		{DE9DDA29-D584-4F48-A126-14CDED4ED465}.AppStore|iPhone.ActiveCfg = Release|Any CPU
		{DE9DDA29-D584-4F48-A126-14CDED4ED465}.AppStore|iPhone.Build.0 = Release|Any CPU
		{DE9DDA29-D584-4F48-A126-14CDED4ED465}.AppStore|iPhoneSimulator.ActiveCfg = Release|Any CPU
		{DE9DDA29-D584-4F48-A126-14CDED4ED465}.AppStore|iPhoneSimulator.Build.0 = Release|Any CPU
		{DE9DDA29-D584-4F48-A126-14CDED4ED465}.AppStore|x64.ActiveCfg = Release|Any CPU
		{DE9DDA29-D584-4F48-A126-14CDED4ED465}.AppStore|x64.Build.0 = Release|Any CPU
		{DE9DDA29-D584-4F48-A126-14CDED4ED465}.AppStore|x86.ActiveCfg = Release|Any CPU
		{DE9DDA29-D584-4F48-A126-14CDED4ED465}.AppStore|x86.Build.0 = Release|Any CPU
		{DE9DDA29-D584-4F48-A126-14CDED4ED465}.Debug|Any CPU.ActiveCfg = Debug|Any CPU
		{DE9DDA29-D584-4F48-A126-14CDED4ED465}.Debug|Any CPU.Build.0 = Debug|Any CPU
		{DE9DDA29-D584-4F48-A126-14CDED4ED465}.Debug|ARM.ActiveCfg = Debug|Any CPU
		{DE9DDA29-D584-4F48-A126-14CDED4ED465}.Debug|ARM.Build.0 = Debug|Any CPU
		{DE9DDA29-D584-4F48-A126-14CDED4ED465}.Debug|iPhone.ActiveCfg = Debug|Any CPU
		{DE9DDA29-D584-4F48-A126-14CDED4ED465}.Debug|iPhone.Build.0 = Debug|Any CPU
		{DE9DDA29-D584-4F48-A126-14CDED4ED465}.Debug|iPhoneSimulator.ActiveCfg = Debug|Any CPU
		{DE9DDA29-D584-4F48-A126-14CDED4ED465}.Debug|iPhoneSimulator.Build.0 = Debug|Any CPU
		{DE9DDA29-D584-4F48-A126-14CDED4ED465}.Debug|x64.ActiveCfg = Debug|Any CPU
		{DE9DDA29-D584-4F48-A126-14CDED4ED465}.Debug|x64.Build.0 = Debug|Any CPU
		{DE9DDA29-D584-4F48-A126-14CDED4ED465}.Debug|x86.ActiveCfg = Debug|Any CPU
		{DE9DDA29-D584-4F48-A126-14CDED4ED465}.Debug|x86.Build.0 = Debug|Any CPU
		{DE9DDA29-D584-4F48-A126-14CDED4ED465}.Release|Any CPU.ActiveCfg = Release|Any CPU
		{DE9DDA29-D584-4F48-A126-14CDED4ED465}.Release|Any CPU.Build.0 = Release|Any CPU
		{DE9DDA29-D584-4F48-A126-14CDED4ED465}.Release|ARM.ActiveCfg = Release|Any CPU
		{DE9DDA29-D584-4F48-A126-14CDED4ED465}.Release|ARM.Build.0 = Release|Any CPU
		{DE9DDA29-D584-4F48-A126-14CDED4ED465}.Release|iPhone.ActiveCfg = Release|Any CPU
		{DE9DDA29-D584-4F48-A126-14CDED4ED465}.Release|iPhone.Build.0 = Release|Any CPU
		{DE9DDA29-D584-4F48-A126-14CDED4ED465}.Release|iPhoneSimulator.ActiveCfg = Release|Any CPU
		{DE9DDA29-D584-4F48-A126-14CDED4ED465}.Release|iPhoneSimulator.Build.0 = Release|Any CPU
		{DE9DDA29-D584-4F48-A126-14CDED4ED465}.Release|x64.ActiveCfg = Release|Any CPU
		{DE9DDA29-D584-4F48-A126-14CDED4ED465}.Release|x64.Build.0 = Release|Any CPU
		{DE9DDA29-D584-4F48-A126-14CDED4ED465}.Release|x86.ActiveCfg = Release|Any CPU
		{DE9DDA29-D584-4F48-A126-14CDED4ED465}.Release|x86.Build.0 = Release|Any CPU
		{5A08D19A-D5A2-45AD-B560-62A94A81E777}.Ad-Hoc|Any CPU.ActiveCfg = Release|x86
		{5A08D19A-D5A2-45AD-B560-62A94A81E777}.Ad-Hoc|Any CPU.Build.0 = Release|x86
		{5A08D19A-D5A2-45AD-B560-62A94A81E777}.Ad-Hoc|Any CPU.Deploy.0 = Release|x86
		{5A08D19A-D5A2-45AD-B560-62A94A81E777}.Ad-Hoc|ARM.ActiveCfg = Release|ARM
		{5A08D19A-D5A2-45AD-B560-62A94A81E777}.Ad-Hoc|ARM.Build.0 = Release|ARM
		{5A08D19A-D5A2-45AD-B560-62A94A81E777}.Ad-Hoc|ARM.Deploy.0 = Release|ARM
		{5A08D19A-D5A2-45AD-B560-62A94A81E777}.Ad-Hoc|iPhone.ActiveCfg = Release|x86
		{5A08D19A-D5A2-45AD-B560-62A94A81E777}.Ad-Hoc|iPhone.Build.0 = Release|x86
		{5A08D19A-D5A2-45AD-B560-62A94A81E777}.Ad-Hoc|iPhone.Deploy.0 = Release|x86
		{5A08D19A-D5A2-45AD-B560-62A94A81E777}.Ad-Hoc|iPhoneSimulator.ActiveCfg = Release|x86
		{5A08D19A-D5A2-45AD-B560-62A94A81E777}.Ad-Hoc|iPhoneSimulator.Build.0 = Release|x86
		{5A08D19A-D5A2-45AD-B560-62A94A81E777}.Ad-Hoc|iPhoneSimulator.Deploy.0 = Release|x86
		{5A08D19A-D5A2-45AD-B560-62A94A81E777}.Ad-Hoc|x64.ActiveCfg = Release|x64
		{5A08D19A-D5A2-45AD-B560-62A94A81E777}.Ad-Hoc|x64.Build.0 = Release|x64
		{5A08D19A-D5A2-45AD-B560-62A94A81E777}.Ad-Hoc|x64.Deploy.0 = Release|x64
		{5A08D19A-D5A2-45AD-B560-62A94A81E777}.Ad-Hoc|x86.ActiveCfg = Release|x86
		{5A08D19A-D5A2-45AD-B560-62A94A81E777}.Ad-Hoc|x86.Build.0 = Release|x86
		{5A08D19A-D5A2-45AD-B560-62A94A81E777}.Ad-Hoc|x86.Deploy.0 = Release|x86
		{5A08D19A-D5A2-45AD-B560-62A94A81E777}.AppStore|Any CPU.ActiveCfg = Release|x86
		{5A08D19A-D5A2-45AD-B560-62A94A81E777}.AppStore|Any CPU.Build.0 = Release|x86
		{5A08D19A-D5A2-45AD-B560-62A94A81E777}.AppStore|Any CPU.Deploy.0 = Release|x86
		{5A08D19A-D5A2-45AD-B560-62A94A81E777}.AppStore|ARM.ActiveCfg = Release|ARM
		{5A08D19A-D5A2-45AD-B560-62A94A81E777}.AppStore|ARM.Build.0 = Release|ARM
		{5A08D19A-D5A2-45AD-B560-62A94A81E777}.AppStore|ARM.Deploy.0 = Release|ARM
		{5A08D19A-D5A2-45AD-B560-62A94A81E777}.AppStore|iPhone.ActiveCfg = Release|x86
		{5A08D19A-D5A2-45AD-B560-62A94A81E777}.AppStore|iPhone.Build.0 = Release|x86
		{5A08D19A-D5A2-45AD-B560-62A94A81E777}.AppStore|iPhone.Deploy.0 = Release|x86
		{5A08D19A-D5A2-45AD-B560-62A94A81E777}.AppStore|iPhoneSimulator.ActiveCfg = Release|x86
		{5A08D19A-D5A2-45AD-B560-62A94A81E777}.AppStore|iPhoneSimulator.Build.0 = Release|x86
		{5A08D19A-D5A2-45AD-B560-62A94A81E777}.AppStore|iPhoneSimulator.Deploy.0 = Release|x86
		{5A08D19A-D5A2-45AD-B560-62A94A81E777}.AppStore|x64.ActiveCfg = Release|x64
		{5A08D19A-D5A2-45AD-B560-62A94A81E777}.AppStore|x64.Build.0 = Release|x64
		{5A08D19A-D5A2-45AD-B560-62A94A81E777}.AppStore|x64.Deploy.0 = Release|x64
		{5A08D19A-D5A2-45AD-B560-62A94A81E777}.AppStore|x86.ActiveCfg = Release|x86
		{5A08D19A-D5A2-45AD-B560-62A94A81E777}.AppStore|x86.Build.0 = Release|x86
		{5A08D19A-D5A2-45AD-B560-62A94A81E777}.AppStore|x86.Deploy.0 = Release|x86
		{5A08D19A-D5A2-45AD-B560-62A94A81E777}.Debug|Any CPU.ActiveCfg = Debug|x86
		{5A08D19A-D5A2-45AD-B560-62A94A81E777}.Debug|ARM.ActiveCfg = Debug|ARM
		{5A08D19A-D5A2-45AD-B560-62A94A81E777}.Debug|ARM.Build.0 = Debug|ARM
		{5A08D19A-D5A2-45AD-B560-62A94A81E777}.Debug|ARM.Deploy.0 = Debug|ARM
		{5A08D19A-D5A2-45AD-B560-62A94A81E777}.Debug|iPhone.ActiveCfg = Debug|x86
		{5A08D19A-D5A2-45AD-B560-62A94A81E777}.Debug|iPhoneSimulator.ActiveCfg = Debug|x86
		{5A08D19A-D5A2-45AD-B560-62A94A81E777}.Debug|x64.ActiveCfg = Debug|x64
		{5A08D19A-D5A2-45AD-B560-62A94A81E777}.Debug|x64.Build.0 = Debug|x64
		{5A08D19A-D5A2-45AD-B560-62A94A81E777}.Debug|x64.Deploy.0 = Debug|x64
		{5A08D19A-D5A2-45AD-B560-62A94A81E777}.Debug|x86.ActiveCfg = Debug|x86
		{5A08D19A-D5A2-45AD-B560-62A94A81E777}.Debug|x86.Build.0 = Debug|x86
		{5A08D19A-D5A2-45AD-B560-62A94A81E777}.Debug|x86.Deploy.0 = Debug|x86
		{5A08D19A-D5A2-45AD-B560-62A94A81E777}.Release|Any CPU.ActiveCfg = Release|x86
		{5A08D19A-D5A2-45AD-B560-62A94A81E777}.Release|ARM.ActiveCfg = Release|ARM
		{5A08D19A-D5A2-45AD-B560-62A94A81E777}.Release|ARM.Build.0 = Release|ARM
		{5A08D19A-D5A2-45AD-B560-62A94A81E777}.Release|ARM.Deploy.0 = Release|ARM
		{5A08D19A-D5A2-45AD-B560-62A94A81E777}.Release|iPhone.ActiveCfg = Release|x86
		{5A08D19A-D5A2-45AD-B560-62A94A81E777}.Release|iPhoneSimulator.ActiveCfg = Release|x86
		{5A08D19A-D5A2-45AD-B560-62A94A81E777}.Release|x64.ActiveCfg = Release|x64
		{5A08D19A-D5A2-45AD-B560-62A94A81E777}.Release|x64.Build.0 = Release|x64
		{5A08D19A-D5A2-45AD-B560-62A94A81E777}.Release|x64.Deploy.0 = Release|x64
		{5A08D19A-D5A2-45AD-B560-62A94A81E777}.Release|x86.ActiveCfg = Release|x86
		{5A08D19A-D5A2-45AD-B560-62A94A81E777}.Release|x86.Build.0 = Release|x86
		{5A08D19A-D5A2-45AD-B560-62A94A81E777}.Release|x86.Deploy.0 = Release|x86
		{04993ED3-B2E0-49EB-A6E0-CADD80E6552C}.Ad-Hoc|Any CPU.ActiveCfg = Ad-Hoc|iPhoneSimulator
		{04993ED3-B2E0-49EB-A6E0-CADD80E6552C}.Ad-Hoc|ARM.ActiveCfg = Ad-Hoc|iPhone
		{04993ED3-B2E0-49EB-A6E0-CADD80E6552C}.Ad-Hoc|iPhone.ActiveCfg = Ad-Hoc|iPhone
		{04993ED3-B2E0-49EB-A6E0-CADD80E6552C}.Ad-Hoc|iPhone.Build.0 = Ad-Hoc|iPhone
		{04993ED3-B2E0-49EB-A6E0-CADD80E6552C}.Ad-Hoc|iPhoneSimulator.ActiveCfg = Ad-Hoc|iPhoneSimulator
		{04993ED3-B2E0-49EB-A6E0-CADD80E6552C}.Ad-Hoc|iPhoneSimulator.Build.0 = Ad-Hoc|iPhoneSimulator
		{04993ED3-B2E0-49EB-A6E0-CADD80E6552C}.Ad-Hoc|x64.ActiveCfg = Ad-Hoc|iPhone
		{04993ED3-B2E0-49EB-A6E0-CADD80E6552C}.Ad-Hoc|x86.ActiveCfg = Ad-Hoc|iPhone
		{04993ED3-B2E0-49EB-A6E0-CADD80E6552C}.AppStore|Any CPU.ActiveCfg = AppStore|iPhoneSimulator
		{04993ED3-B2E0-49EB-A6E0-CADD80E6552C}.AppStore|ARM.ActiveCfg = AppStore|iPhone
		{04993ED3-B2E0-49EB-A6E0-CADD80E6552C}.AppStore|iPhone.ActiveCfg = AppStore|iPhone
		{04993ED3-B2E0-49EB-A6E0-CADD80E6552C}.AppStore|iPhone.Build.0 = AppStore|iPhone
		{04993ED3-B2E0-49EB-A6E0-CADD80E6552C}.AppStore|iPhoneSimulator.ActiveCfg = AppStore|iPhoneSimulator
		{04993ED3-B2E0-49EB-A6E0-CADD80E6552C}.AppStore|iPhoneSimulator.Build.0 = AppStore|iPhoneSimulator
		{04993ED3-B2E0-49EB-A6E0-CADD80E6552C}.AppStore|x64.ActiveCfg = AppStore|iPhone
		{04993ED3-B2E0-49EB-A6E0-CADD80E6552C}.AppStore|x86.ActiveCfg = AppStore|iPhone
		{04993ED3-B2E0-49EB-A6E0-CADD80E6552C}.Debug|Any CPU.ActiveCfg = Debug|iPhoneSimulator
		{04993ED3-B2E0-49EB-A6E0-CADD80E6552C}.Debug|ARM.ActiveCfg = Debug|iPhone
		{04993ED3-B2E0-49EB-A6E0-CADD80E6552C}.Debug|iPhone.ActiveCfg = Debug|iPhone
		{04993ED3-B2E0-49EB-A6E0-CADD80E6552C}.Debug|iPhone.Build.0 = Debug|iPhone
		{04993ED3-B2E0-49EB-A6E0-CADD80E6552C}.Debug|iPhoneSimulator.ActiveCfg = Debug|iPhoneSimulator
		{04993ED3-B2E0-49EB-A6E0-CADD80E6552C}.Debug|iPhoneSimulator.Build.0 = Debug|iPhoneSimulator
		{04993ED3-B2E0-49EB-A6E0-CADD80E6552C}.Debug|x64.ActiveCfg = Debug|iPhone
		{04993ED3-B2E0-49EB-A6E0-CADD80E6552C}.Debug|x86.ActiveCfg = Debug|iPhone
		{04993ED3-B2E0-49EB-A6E0-CADD80E6552C}.Release|Any CPU.ActiveCfg = Release|iPhoneSimulator
		{04993ED3-B2E0-49EB-A6E0-CADD80E6552C}.Release|ARM.ActiveCfg = Release|iPhone
		{04993ED3-B2E0-49EB-A6E0-CADD80E6552C}.Release|iPhone.ActiveCfg = Release|iPhone
		{04993ED3-B2E0-49EB-A6E0-CADD80E6552C}.Release|iPhone.Build.0 = Release|iPhone
		{04993ED3-B2E0-49EB-A6E0-CADD80E6552C}.Release|iPhoneSimulator.ActiveCfg = Release|iPhoneSimulator
		{04993ED3-B2E0-49EB-A6E0-CADD80E6552C}.Release|iPhoneSimulator.Build.0 = Release|iPhoneSimulator
		{04993ED3-B2E0-49EB-A6E0-CADD80E6552C}.Release|x64.ActiveCfg = Release|iPhone
		{04993ED3-B2E0-49EB-A6E0-CADD80E6552C}.Release|x86.ActiveCfg = Release|iPhone
	EndGlobalSection
	GlobalSection(SolutionProperties) = preSolution
		HideSolutionNode = FALSE
	EndGlobalSection
	GlobalSection(ExtensibilityGlobals) = postSolution
		SolutionGuid = {017CCFD4-E734-42B0-9214-E49DDF349511}
	EndGlobalSection
EndGlobal
